
Microsoft Visual Studio Solution File, Format Version 12.00
# Visual Studio Version 16
VisualStudioVersion = 16.0.29418.71
MinimumVisualStudioVersion = 10.0.40219.1
Project("{FAE04EC0-301F-11D3-BF4B-00C04F79EFBC}") = "CFA.API", "CFA.API\CFA.API.csproj", "{0E098C97-FA6A-44D3-97A1-334C8075A695}"
EndProject
Project("{FAE04EC0-301F-11D3-BF4B-00C04F79EFBC}") = "CFA.Services", "CFA.Services\CFA.Services.csproj", "{A1C95988-870E-4D93-9DC0-FE35BDE61E8C}"
EndProject
Project("{FAE04EC0-301F-11D3-BF4B-00C04F79EFBC}") = "UnitTest", "UnitTest\UnitTest.csproj", "{D774F36E-A82E-4B4E-970C-FCBC6D18EE73}"
EndProject
Global
	GlobalSection(SolutionConfigurationPlatforms) = preSolution
		Debug|Any CPU = Debug|Any CPU
		Release|Any CPU = Release|Any CPU
	EndGlobalSection
	GlobalSection(ProjectConfigurationPlatforms) = postSolution
		{0E098C97-FA6A-44D3-97A1-334C8075A695}.Debug|Any CPU.ActiveCfg = Debug|Any CPU
		{0E098C97-FA6A-44D3-97A1-334C8075A695}.Debug|Any CPU.Build.0 = Debug|Any CPU
		{0E098C97-FA6A-44D3-97A1-334C8075A695}.Release|Any CPU.ActiveCfg = Release|Any CPU
		{0E098C97-FA6A-44D3-97A1-334C8075A695}.Release|Any CPU.Build.0 = Release|Any CPU
		{A1C95988-870E-4D93-9DC0-FE35BDE61E8C}.Debug|Any CPU.ActiveCfg = Debug|Any CPU
		{A1C95988-870E-4D93-9DC0-FE35BDE61E8C}.Debug|Any CPU.Build.0 = Debug|Any CPU
		{A1C95988-870E-4D93-9DC0-FE35BDE61E8C}.Release|Any CPU.ActiveCfg = Release|Any CPU
		{A1C95988-870E-4D93-9DC0-FE35BDE61E8C}.Release|Any CPU.Build.0 = Release|Any CPU
		{D774F36E-A82E-4B4E-970C-FCBC6D18EE73}.Debug|Any CPU.ActiveCfg = Debug|Any CPU
		{D774F36E-A82E-4B4E-970C-FCBC6D18EE73}.Debug|Any CPU.Build.0 = Debug|Any CPU
		{D774F36E-A82E-4B4E-970C-FCBC6D18EE73}.Release|Any CPU.ActiveCfg = Release|Any CPU
		{D774F36E-A82E-4B4E-970C-FCBC6D18EE73}.Release|Any CPU.Build.0 = Release|Any CPU
	EndGlobalSection
	GlobalSection(SolutionProperties) = preSolution
		HideSolutionNode = FALSE
	EndGlobalSection
	GlobalSection(ExtensibilityGlobals) = postSolution
		SolutionGuid = {1ABC7EEC-1500-4F44-848E-5CC0CCC3532E}
	EndGlobalSection
EndGlobal
